// !$*UTF8*$!
{
	archiveVersion = 1;
	classes = {
	};
	objectVersion = 56;
	objects = {

/* Begin PBXBuildFile section */
		6C055EE92C53D19400355210 /* atisApp.swift in Sources */ = {isa = PBXBuildFile; fileRef = 6C055EE82C53D19400355210 /* atisApp.swift */; };
		6C055EEB2C53D19400355210 /* ContentView.swift in Sources */ = {isa = PBXBuildFile; fileRef = 6C055EEA2C53D19400355210 /* ContentView.swift */; };
		6C055EED2C53D19500355210 /* Assets.xcassets in Resources */ = {isa = PBXBuildFile; fileRef = 6C055EEC2C53D19500355210 /* Assets.xcassets */; };
		6C055EF02C53D19500355210 /* Preview Assets.xcassets in Resources */ = {isa = PBXBuildFile; fileRef = 6C055EEF2C53D19500355210 /* Preview Assets.xcassets */; };
		6C055EFB2C53D19600355210 /* atisTests.swift in Sources */ = {isa = PBXBuildFile; fileRef = 6C055EFA2C53D19600355210 /* atisTests.swift */; };
		6C055F052C53D19600355210 /* atisUITests.swift in Sources */ = {isa = PBXBuildFile; fileRef = 6C055F042C53D19600355210 /* atisUITests.swift */; };
		6C055F072C53D19600355210 /* atisUITestsLaunchTests.swift in Sources */ = {isa = PBXBuildFile; fileRef = 6C055F062C53D19600355210 /* atisUITestsLaunchTests.swift */; };
		6CA460692C551E350098915C /* DirectorySelector.swift in Sources */ = {isa = PBXBuildFile; fileRef = 6CA460682C551E350098915C /* DirectorySelector.swift */; };
		6CD807FE2C5732E700C49F9C /* ID3TagEditor in Frameworks */ = {isa = PBXBuildFile; productRef = 6CD807FD2C5732E700C49F9C /* ID3TagEditor */; };
/* End PBXBuildFile section */

/* Begin PBXContainerItemProxy section */
		6C055EF72C53D19600355210 /* PBXContainerItemProxy */ = {
			isa = PBXContainerItemProxy;
			containerPortal = 6C055EDD2C53D19400355210 /* Project object */;
			proxyType = 1;
			remoteGlobalIDString = 6C055EE42C53D19400355210;
			remoteInfo = atis;
		};
		6C055F012C53D19600355210 /* PBXContainerItemProxy */ = {
			isa = PBXContainerItemProxy;
			containerPortal = 6C055EDD2C53D19400355210 /* Project object */;
			proxyType = 1;
			remoteGlobalIDString = 6C055EE42C53D19400355210;
			remoteInfo = atis;
		};
/* End PBXContainerItemProxy section */

/* Begin PBXFileReference section */
		6C055EE52C53D19400355210 /* atis.app */ = {isa = PBXFileReference; explicitFileType = wrapper.application; includeInIndex = 0; path = atis.app; sourceTree = BUILT_PRODUCTS_DIR; };
		6C055EE82C53D19400355210 /* atisApp.swift */ = {isa = PBXFileReference; lastKnownFileType = sourcecode.swift; path = atisApp.swift; sourceTree = "<group>"; };
		6C055EEA2C53D19400355210 /* ContentView.swift */ = {isa = PBXFileReference; lastKnownFileType = sourcecode.swift; path = ContentView.swift; sourceTree = "<group>"; };
		6C055EEC2C53D19500355210 /* Assets.xcassets */ = {isa = PBXFileReference; lastKnownFileType = folder.assetcatalog; path = Assets.xcassets; sourceTree = "<group>"; };
		6C055EEF2C53D19500355210 /* Preview Assets.xcassets */ = {isa = PBXFileReference; lastKnownFileType = folder.assetcatalog; path = "Preview Assets.xcassets"; sourceTree = "<group>"; };
		6C055EF12C53D19500355210 /* atis.entitlements */ = {isa = PBXFileReference; lastKnownFileType = text.plist.entitlements; path = atis.entitlements; sourceTree = "<group>"; };
		6C055EF62C53D19600355210 /* atisTests.xctest */ = {isa = PBXFileReference; explicitFileType = wrapper.cfbundle; includeInIndex = 0; path = atisTests.xctest; sourceTree = BUILT_PRODUCTS_DIR; };
		6C055EFA2C53D19600355210 /* atisTests.swift */ = {isa = PBXFileReference; lastKnownFileType = sourcecode.swift; path = atisTests.swift; sourceTree = "<group>"; };
		6C055F002C53D19600355210 /* atisUITests.xctest */ = {isa = PBXFileReference; explicitFileType = wrapper.cfbundle; includeInIndex = 0; path = atisUITests.xctest; sourceTree = BUILT_PRODUCTS_DIR; };
		6C055F042C53D19600355210 /* atisUITests.swift */ = {isa = PBXFileReference; lastKnownFileType = sourcecode.swift; path = atisUITests.swift; sourceTree = "<group>"; };
		6C055F062C53D19600355210 /* atisUITestsLaunchTests.swift */ = {isa = PBXFileReference; lastKnownFileType = sourcecode.swift; path = atisUITestsLaunchTests.swift; sourceTree = "<group>"; };
		6CA460682C551E350098915C /* DirectorySelector.swift */ = {isa = PBXFileReference; lastKnownFileType = sourcecode.swift; path = DirectorySelector.swift; sourceTree = "<group>"; };
/* End PBXFileReference section */

/* Begin PBXFrameworksBuildPhase section */
		6C055EE22C53D19400355210 /* Frameworks */ = {
			isa = PBXFrameworksBuildPhase;
			buildActionMask = 2147483647;
			files = (
				6CD807FE2C5732E700C49F9C /* ID3TagEditor in Frameworks */,
			);
			runOnlyForDeploymentPostprocessing = 0;
		};
		6C055EF32C53D19600355210 /* Frameworks */ = {
			isa = PBXFrameworksBuildPhase;
			buildActionMask = 2147483647;
			files = (
			);
			runOnlyForDeploymentPostprocessing = 0;
		};
		6C055EFD2C53D19600355210 /* Frameworks */ = {
			isa = PBXFrameworksBuildPhase;
			buildActionMask = 2147483647;
			files = (
			);
			runOnlyForDeploymentPostprocessing = 0;
		};
/* End PBXFrameworksBuildPhase section */

/* Begin PBXGroup section */
		6C055EDC2C53D19400355210 = {
			isa = PBXGroup;
			children = (
				6C055EE72C53D19400355210 /* atis */,
				6C055EF92C53D19600355210 /* atisTests */,
				6C055F032C53D19600355210 /* atisUITests */,
				6C055EE62C53D19400355210 /* Products */,
			);
			sourceTree = "<group>";
		};
		6C055EE62C53D19400355210 /* Products */ = {
			isa = PBXGroup;
			children = (
				6C055EE52C53D19400355210 /* atis.app */,
				6C055EF62C53D19600355210 /* atisTests.xctest */,
				6C055F002C53D19600355210 /* atisUITests.xctest */,
			);
			name = Products;
			sourceTree = "<group>";
		};
		6C055EE72C53D19400355210 /* atis */ = {
			isa = PBXGroup;
			children = (
				6C055EE82C53D19400355210 /* atisApp.swift */,
				6C055EEA2C53D19400355210 /* ContentView.swift */,
				6C055EEC2C53D19500355210 /* Assets.xcassets */,
				6C055EF12C53D19500355210 /* atis.entitlements */,
				6C055EEE2C53D19500355210 /* Preview Content */,
				6CA460682C551E350098915C /* DirectorySelector.swift */,
			);
			path = atis;
			sourceTree = "<group>";
		};
		6C055EEE2C53D19500355210 /* Preview Content */ = {
			isa = PBXGroup;
			children = (
				6C055EEF2C53D19500355210 /* Preview Assets.xcassets */,
			);
			path = "Preview Content";
			sourceTree = "<group>";
		};
		6C055EF92C53D19600355210 /* atisTests */ = {
			isa = PBXGroup;
			children = (
				6C055EFA2C53D19600355210 /* atisTests.swift */,
			);
			path = atisTests;
			sourceTree = "<group>";
		};
		6C055F032C53D19600355210 /* atisUITests */ = {
			isa = PBXGroup;
			children = (
				6C055F042C53D19600355210 /* atisUITests.swift */,
				6C055F062C53D19600355210 /* atisUITestsLaunchTests.swift */,
			);
			path = atisUITests;
			sourceTree = "<group>";
		};
/* End PBXGroup section */

/* Begin PBXNativeTarget section */
		6C055EE42C53D19400355210 /* atis */ = {
			isa = PBXNativeTarget;
			buildConfigurationList = 6C055F0A2C53D19600355210 /* Build configuration list for PBXNativeTarget "atis" */;
			buildPhases = (
				6C055EE12C53D19400355210 /* Sources */,
				6C055EE22C53D19400355210 /* Frameworks */,
				6C055EE32C53D19400355210 /* Resources */,
			);
			buildRules = (
			);
			dependencies = (
			);
			name = atis;
			packageProductDependencies = (
				6CD807FD2C5732E700C49F9C /* ID3TagEditor */,
			);
			productName = atis;
			productReference = 6C055EE52C53D19400355210 /* atis.app */;
			productType = "com.apple.product-type.application";
		};
		6C055EF52C53D19600355210 /* atisTests */ = {
			isa = PBXNativeTarget;
			buildConfigurationList = 6C055F0D2C53D19600355210 /* Build configuration list for PBXNativeTarget "atisTests" */;
			buildPhases = (
				6C055EF22C53D19600355210 /* Sources */,
				6C055EF32C53D19600355210 /* Frameworks */,
				6C055EF42C53D19600355210 /* Resources */,
			);
			buildRules = (
			);
			dependencies = (
				6C055EF82C53D19600355210 /* PBXTargetDependency */,
			);
			name = atisTests;
			productName = atisTests;
			productReference = 6C055EF62C53D19600355210 /* atisTests.xctest */;
			productType = "com.apple.product-type.bundle.unit-test";
		};
		6C055EFF2C53D19600355210 /* atisUITests */ = {
			isa = PBXNativeTarget;
			buildConfigurationList = 6C055F102C53D19600355210 /* Build configuration list for PBXNativeTarget "atisUITests" */;
			buildPhases = (
				6C055EFC2C53D19600355210 /* Sources */,
				6C055EFD2C53D19600355210 /* Frameworks */,
				6C055EFE2C53D19600355210 /* Resources */,
			);
			buildRules = (
			);
			dependencies = (
				6C055F022C53D19600355210 /* PBXTargetDependency */,
			);
			name = atisUITests;
			productName = atisUITests;
			productReference = 6C055F002C53D19600355210 /* atisUITests.xctest */;
			productType = "com.apple.product-type.bundle.ui-testing";
		};
/* End PBXNativeTarget section */

/* Begin PBXProject section */
		6C055EDD2C53D19400355210 /* Project object */ = {
			isa = PBXProject;
			attributes = {
				BuildIndependentTargetsInParallel = 1;
				LastSwiftUpdateCheck = 1540;
				LastUpgradeCheck = 1540;
				TargetAttributes = {
					6C055EE42C53D19400355210 = {
						CreatedOnToolsVersion = 15.4;
					};
					6C055EF52C53D19600355210 = {
						CreatedOnToolsVersion = 15.4;
						TestTargetID = 6C055EE42C53D19400355210;
					};
					6C055EFF2C53D19600355210 = {
						CreatedOnToolsVersion = 15.4;
						TestTargetID = 6C055EE42C53D19400355210;
					};
				};
			};
			buildConfigurationList = 6C055EE02C53D19400355210 /* Build configuration list for PBXProject "atis" */;
			compatibilityVersion = "Xcode 14.0";
			developmentRegion = en;
			hasScannedForEncodings = 0;
			knownRegions = (
				en,
				Base,
			);
			mainGroup = 6C055EDC2C53D19400355210;
			packageReferences = (
				6CD807FC2C571D1A00C49F9C /* XCRemoteSwiftPackageReference "ID3TagEditor" */,
			);
			productRefGroup = 6C055EE62C53D19400355210 /* Products */;
			projectDirPath = "";
			projectRoot = "";
			targets = (
				6C055EE42C53D19400355210 /* atis */,
				6C055EF52C53D19600355210 /* atisTests */,
				6C055EFF2C53D19600355210 /* atisUITests */,
			);
		};
/* End PBXProject section */

/* Begin PBXResourcesBuildPhase section */
		6C055EE32C53D19400355210 /* Resources */ = {
			isa = PBXResourcesBuildPhase;
			buildActionMask = 2147483647;
			files = (
				6C055EF02C53D19500355210 /* Preview Assets.xcassets in Resources */,
				6C055EED2C53D19500355210 /* Assets.xcassets in Resources */,
			);
			runOnlyForDeploymentPostprocessing = 0;
		};
		6C055EF42C53D19600355210 /* Resources */ = {
			isa = PBXResourcesBuildPhase;
			buildActionMask = 2147483647;
			files = (
			);
			runOnlyForDeploymentPostprocessing = 0;
		};
		6C055EFE2C53D19600355210 /* Resources */ = {
			isa = PBXResourcesBuildPhase;
			buildActionMask = 2147483647;
			files = (
			);
			runOnlyForDeploymentPostprocessing = 0;
		};
/* End PBXResourcesBuildPhase section */

/* Begin PBXSourcesBuildPhase section */
		6C055EE12C53D19400355210 /* Sources */ = {
			isa = PBXSourcesBuildPhase;
			buildActionMask = 2147483647;
			files = (
				6C055EEB2C53D19400355210 /* ContentView.swift in Sources */,
				6CA460692C551E350098915C /* DirectorySelector.swift in Sources */,
				6C055EE92C53D19400355210 /* atisApp.swift in Sources */,
			);
			runOnlyForDeploymentPostprocessing = 0;
		};
		6C055EF22C53D19600355210 /* Sources */ = {
			isa = PBXSourcesBuildPhase;
			buildActionMask = 2147483647;
			files = (
				6C055EFB2C53D19600355210 /* atisTests.swift in Sources */,
			);
			runOnlyForDeploymentPostprocessing = 0;
		};
		6C055EFC2C53D19600355210 /* Sources */ = {
			isa = PBXSourcesBuildPhase;
			buildActionMask = 2147483647;
			files = (
				6C055F052C53D19600355210 /* atisUITests.swift in Sources */,
				6C055F072C53D19600355210 /* atisUITestsLaunchTests.swift in Sources */,
			);
			runOnlyForDeploymentPostprocessing = 0;
		};
/* End PBXSourcesBuildPhase section */

/* Begin PBXTargetDependency section */
		6C055EF82C53D19600355210 /* PBXTargetDependency */ = {
			isa = PBXTargetDependency;
			target = 6C055EE42C53D19400355210 /* atis */;
			targetProxy = 6C055EF72C53D19600355210 /* PBXContainerItemProxy */;
		};
		6C055F022C53D19600355210 /* PBXTargetDependency */ = {
			isa = PBXTargetDependency;
			target = 6C055EE42C53D19400355210 /* atis */;
			targetProxy = 6C055F012C53D19600355210 /* PBXContainerItemProxy */;
		};
/* End PBXTargetDependency section */

/* Begin XCBuildConfiguration section */
		6C055F082C53D19600355210 /* Debug */ = {
			isa = XCBuildConfiguration;
			buildSettings = {
				ALWAYS_SEARCH_USER_PATHS = NO;
				ASSETCATALOG_COMPILER_GENERATE_SWIFT_ASSET_SYMBOL_EXTENSIONS = YES;
				CLANG_ANALYZER_NONNULL = YES;
				CLANG_ANALYZER_NUMBER_OBJECT_CONVERSION = YES_AGGRESSIVE;
				CLANG_CXX_LANGUAGE_STANDARD = "gnu++20";
				CLANG_ENABLE_MODULES = YES;
				CLANG_ENABLE_OBJC_ARC = YES;
				CLANG_ENABLE_OBJC_WEAK = YES;
				CLANG_WARN_BLOCK_CAPTURE_AUTORELEASING = YES;
				CLANG_WARN_BOOL_CONVERSION = YES;
				CLANG_WARN_COMMA = YES;
				CLANG_WARN_CONSTANT_CONVERSION = YES;
				CLANG_WARN_DEPRECATED_OBJC_IMPLEMENTATIONS = YES;
				CLANG_WARN_DIRECT_OBJC_ISA_USAGE = YES_ERROR;
				CLANG_WARN_DOCUMENTATION_COMMENTS = YES;
				CLANG_WARN_EMPTY_BODY = YES;
				CLANG_WARN_ENUM_CONVERSION = YES;
				CLANG_WARN_INFINITE_RECURSION = YES;
				CLANG_WARN_INT_CONVERSION = YES;
				CLANG_WARN_NON_LITERAL_NULL_CONVERSION = YES;
				CLANG_WARN_OBJC_IMPLICIT_RETAIN_SELF = YES;
				CLANG_WARN_OBJC_LITERAL_CONVERSION = YES;
				CLANG_WARN_OBJC_ROOT_CLASS = YES_ERROR;
				CLANG_WARN_QUOTED_INCLUDE_IN_FRAMEWORK_HEADER = YES;
				CLANG_WARN_RANGE_LOOP_ANALYSIS = YES;
				CLANG_WARN_STRICT_PROTOTYPES = YES;
				CLANG_WARN_SUSPICIOUS_MOVE = YES;
				CLANG_WARN_UNGUARDED_AVAILABILITY = YES_AGGRESSIVE;
				CLANG_WARN_UNREACHABLE_CODE = YES;
				CLANG_WARN__DUPLICATE_METHOD_MATCH = YES;
				COPY_PHASE_STRIP = NO;
				DEBUG_INFORMATION_FORMAT = dwarf;
				ENABLE_STRICT_OBJC_MSGSEND = YES;
				ENABLE_TESTABILITY = YES;
				ENABLE_USER_SCRIPT_SANDBOXING = YES;
				GCC_C_LANGUAGE_STANDARD = gnu17;
				GCC_DYNAMIC_NO_PIC = NO;
				GCC_NO_COMMON_BLOCKS = YES;
				GCC_OPTIMIZATION_LEVEL = 0;
				GCC_PREPROCESSOR_DEFINITIONS = (
					"DEBUG=1",
					"$(inherited)",
				);
				GCC_WARN_64_TO_32_BIT_CONVERSION = YES;
				GCC_WARN_ABOUT_RETURN_TYPE = YES_ERROR;
				GCC_WARN_UNDECLARED_SELECTOR = YES;
				GCC_WARN_UNINITIALIZED_AUTOS = YES_AGGRESSIVE;
				GCC_WARN_UNUSED_FUNCTION = YES;
				GCC_WARN_UNUSED_VARIABLE = YES;
				LOCALIZATION_PREFERS_STRING_CATALOGS = YES;
				MACOSX_DEPLOYMENT_TARGET = 14.5;
				MTL_ENABLE_DEBUG_INFO = INCLUDE_SOURCE;
				MTL_FAST_MATH = YES;
				ONLY_ACTIVE_ARCH = YES;
				SDKROOT = macosx;
				SWIFT_ACTIVE_COMPILATION_CONDITIONS = "DEBUG $(inherited)";
				SWIFT_OPTIMIZATION_LEVEL = "-Onone";
			};
			name = Debug;
		};
		6C055F092C53D19600355210 /* Release */ = {
			isa = XCBuildConfiguration;
			buildSettings = {
				ALWAYS_SEARCH_USER_PATHS = NO;
				ASSETCATALOG_COMPILER_GENERATE_SWIFT_ASSET_SYMBOL_EXTENSIONS = YES;
				CLANG_ANALYZER_NONNULL = YES;
				CLANG_ANALYZER_NUMBER_OBJECT_CONVERSION = YES_AGGRESSIVE;
				CLANG_CXX_LANGUAGE_STANDARD = "gnu++20";
				CLANG_ENABLE_MODULES = YES;
				CLANG_ENABLE_OBJC_ARC = YES;
				CLANG_ENABLE_OBJC_WEAK = YES;
				CLANG_WARN_BLOCK_CAPTURE_AUTORELEASING = YES;
				CLANG_WARN_BOOL_CONVERSION = YES;
				CLANG_WARN_COMMA = YES;
				CLANG_WARN_CONSTANT_CONVERSION = YES;
				CLANG_WARN_DEPRECATED_OBJC_IMPLEMENTATIONS = YES;
				CLANG_WARN_DIRECT_OBJC_ISA_USAGE = YES_ERROR;
				CLANG_WARN_DOCUMENTATION_COMMENTS = YES;
				CLANG_WARN_EMPTY_BODY = YES;
				CLANG_WARN_ENUM_CONVERSION = YES;
				CLANG_WARN_INFINITE_RECURSION = YES;
				CLANG_WARN_INT_CONVERSION = YES;
				CLANG_WARN_NON_LITERAL_NULL_CONVERSION = YES;
				CLANG_WARN_OBJC_IMPLICIT_RETAIN_SELF = YES;
				CLANG_WARN_OBJC_LITERAL_CONVERSION = YES;
				CLANG_WARN_OBJC_ROOT_CLASS = YES_ERROR;
				CLANG_WARN_QUOTED_INCLUDE_IN_FRAMEWORK_HEADER = YES;
				CLANG_WARN_RANGE_LOOP_ANALYSIS = YES;
				CLANG_WARN_STRICT_PROTOTYPES = YES;
				CLANG_WARN_SUSPICIOUS_MOVE = YES;
				CLANG_WARN_UNGUARDED_AVAILABILITY = YES_AGGRESSIVE;
				CLANG_WARN_UNREACHABLE_CODE = YES;
				CLANG_WARN__DUPLICATE_METHOD_MATCH = YES;
				COPY_PHASE_STRIP = NO;
				DEBUG_INFORMATION_FORMAT = "dwarf-with-dsym";
				ENABLE_NS_ASSERTIONS = NO;
				ENABLE_STRICT_OBJC_MSGSEND = YES;
				ENABLE_USER_SCRIPT_SANDBOXING = YES;
				GCC_C_LANGUAGE_STANDARD = gnu17;
				GCC_NO_COMMON_BLOCKS = YES;
				GCC_WARN_64_TO_32_BIT_CONVERSION = YES;
				GCC_WARN_ABOUT_RETURN_TYPE = YES_ERROR;
				GCC_WARN_UNDECLARED_SELECTOR = YES;
				GCC_WARN_UNINITIALIZED_AUTOS = YES_AGGRESSIVE;
				GCC_WARN_UNUSED_FUNCTION = YES;
				GCC_WARN_UNUSED_VARIABLE = YES;
				LOCALIZATION_PREFERS_STRING_CATALOGS = YES;
				MACOSX_DEPLOYMENT_TARGET = 14.5;
				MTL_ENABLE_DEBUG_INFO = NO;
				MTL_FAST_MATH = YES;
				SDKROOT = macosx;
				SWIFT_COMPILATION_MODE = wholemodule;
			};
			name = Release;
		};
		6C055F0B2C53D19600355210 /* Debug */ = {
			isa = XCBuildConfiguration;
			buildSettings = {
				ASSETCATALOG_COMPILER_APPICON_NAME = AppIcon;
				ASSETCATALOG_COMPILER_GLOBAL_ACCENT_COLOR_NAME = AccentColor;
				CODE_SIGN_ENTITLEMENTS = atis/atis.entitlements;
				CODE_SIGN_STYLE = Automatic;
				COMBINE_HIDPI_IMAGES = YES;
				CURRENT_PROJECT_VERSION = 1;
				DEVELOPMENT_ASSET_PATHS = "\"atis/Preview Content\"";
				DEVELOPMENT_TEAM = 7VA8BY864S;
				ENABLE_HARDENED_RUNTIME = YES;
				ENABLE_PREVIEWS = YES;
				GENERATE_INFOPLIST_FILE = YES;
				INFOPLIST_KEY_NSHumanReadableCopyright = "";
				LD_RUNPATH_SEARCH_PATHS = (
					"$(inherited)",
					"@executable_path/../Frameworks",
				);
				MARKETING_VERSION = 1.0;
				PRODUCT_BUNDLE_IDENTIFIER = de.bolaji.atis;
				PRODUCT_NAME = "$(TARGET_NAME)";
				SWIFT_EMIT_LOC_STRINGS = YES;
				SWIFT_VERSION = 5.0;
			};
			name = Debug;
		};
		6C055F0C2C53D19600355210 /* Release */ = {
			isa = XCBuildConfiguration;
			buildSettings = {
				ASSETCATALOG_COMPILER_APPICON_NAME = AppIcon;
				ASSETCATALOG_COMPILER_GLOBAL_ACCENT_COLOR_NAME = AccentColor;
				CODE_SIGN_ENTITLEMENTS = atis/atis.entitlements;
				CODE_SIGN_STYLE = Automatic;
				COMBINE_HIDPI_IMAGES = YES;
				CURRENT_PROJECT_VERSION = 1;
				DEVELOPMENT_ASSET_PATHS = "\"atis/Preview Content\"";
				DEVELOPMENT_TEAM = 7VA8BY864S;
				ENABLE_HARDENED_RUNTIME = YES;
				ENABLE_PREVIEWS = YES;
				GENERATE_INFOPLIST_FILE = YES;
				INFOPLIST_KEY_NSHumanReadableCopyright = "";
				LD_RUNPATH_SEARCH_PATHS = (
					"$(inherited)",
					"@executable_path/../Frameworks",
				);
				MARKETING_VERSION = 1.0;
				PRODUCT_BUNDLE_IDENTIFIER = de.bolaji.atis;
				PRODUCT_NAME = "$(TARGET_NAME)";
				SWIFT_EMIT_LOC_STRINGS = YES;
				SWIFT_VERSION = 5.0;
			};
			name = Release;
		};
		6C055F0E2C53D19600355210 /* Debug */ = {
			isa = XCBuildConfiguration;
			buildSettings = {
				ALWAYS_EMBED_SWIFT_STANDARD_LIBRARIES = YES;
				BUNDLE_LOADER = "$(TEST_HOST)";
				CODE_SIGN_STYLE = Automatic;
				CURRENT_PROJECT_VERSION = 1;
				DEVELOPMENT_TEAM = 7VA8BY864S;
				GENERATE_INFOPLIST_FILE = YES;
				MACOSX_DEPLOYMENT_TARGET = 14.5;
				MARKETING_VERSION = 1.0;
				PRODUCT_BUNDLE_IDENTIFIER = de.bolaji.atisTests;
				PRODUCT_NAME = "$(TARGET_NAME)";
				SWIFT_EMIT_LOC_STRINGS = NO;
				SWIFT_VERSION = 5.0;
				TEST_HOST = "$(BUILT_PRODUCTS_DIR)/atis.app/$(BUNDLE_EXECUTABLE_FOLDER_PATH)/atis";
			};
			name = Debug;
		};
		6C055F0F2C53D19600355210 /* Release */ = {
			isa = XCBuildConfiguration;
			buildSettings = {
				ALWAYS_EMBED_SWIFT_STANDARD_LIBRARIES = YES;
				BUNDLE_LOADER = "$(TEST_HOST)";
				CODE_SIGN_STYLE = Automatic;
				CURRENT_PROJECT_VERSION = 1;
				DEVELOPMENT_TEAM = 7VA8BY864S;
				GENERATE_INFOPLIST_FILE = YES;
				MACOSX_DEPLOYMENT_TARGET = 14.5;
				MARKETING_VERSION = 1.0;
				PRODUCT_BUNDLE_IDENTIFIER = de.bolaji.atisTests;
				PRODUCT_NAME = "$(TARGET_NAME)";
				SWIFT_EMIT_LOC_STRINGS = NO;
				SWIFT_VERSION = 5.0;
				TEST_HOST = "$(BUILT_PRODUCTS_DIR)/atis.app/$(BUNDLE_EXECUTABLE_FOLDER_PATH)/atis";
			};
			name = Release;
		};
		6C055F112C53D19600355210 /* Debug */ = {
			isa = XCBuildConfiguration;
			buildSettings = {
				ALWAYS_EMBED_SWIFT_STANDARD_LIBRARIES = YES;
				CODE_SIGN_STYLE = Automatic;
				CURRENT_PROJECT_VERSION = 1;
				DEVELOPMENT_TEAM = 7VA8BY864S;
				GENERATE_INFOPLIST_FILE = YES;
				MARKETING_VERSION = 1.0;
				PRODUCT_BUNDLE_IDENTIFIER = de.bolaji.atisUITests;
				PRODUCT_NAME = "$(TARGET_NAME)";
				SWIFT_EMIT_LOC_STRINGS = NO;
				SWIFT_VERSION = 5.0;
				TEST_TARGET_NAME = atis;
			};
			name = Debug;
		};
		6C055F122C53D19600355210 /* Release */ = {
			isa = XCBuildConfiguration;
			buildSettings = {
				ALWAYS_EMBED_SWIFT_STANDARD_LIBRARIES = YES;
				CODE_SIGN_STYLE = Automatic;
				CURRENT_PROJECT_VERSION = 1;
				DEVELOPMENT_TEAM = 7VA8BY864S;
				GENERATE_INFOPLIST_FILE = YES;
				MARKETING_VERSION = 1.0;
				PRODUCT_BUNDLE_IDENTIFIER = de.bolaji.atisUITests;
				PRODUCT_NAME = "$(TARGET_NAME)";
				SWIFT_EMIT_LOC_STRINGS = NO;
				SWIFT_VERSION = 5.0;
				TEST_TARGET_NAME = atis;
			};
			name = Release;
		};
/* End XCBuildConfiguration section */

/* Begin XCConfigurationList section */
		6C055EE02C53D19400355210 /* Build configuration list for PBXProject "atis" */ = {
			isa = XCConfigurationList;
			buildConfigurations = (
				6C055F082C53D19600355210 /* Debug */,
				6C055F092C53D19600355210 /* Release */,
			);
			defaultConfigurationIsVisible = 0;
			defaultConfigurationName = Release;
		};
		6C055F0A2C53D19600355210 /* Build configuration list for PBXNativeTarget "atis" */ = {
			isa = XCConfigurationList;
			buildConfigurations = (
				6C055F0B2C53D19600355210 /* Debug */,
				6C055F0C2C53D19600355210 /* Release */,
			);
			defaultConfigurationIsVisible = 0;
			defaultConfigurationName = Release;
		};
		6C055F0D2C53D19600355210 /* Build configuration list for PBXNativeTarget "atisTests" */ = {
			isa = XCConfigurationList;
			buildConfigurations = (
				6C055F0E2C53D19600355210 /* Debug */,
				6C055F0F2C53D19600355210 /* Release */,
			);
			defaultConfigurationIsVisible = 0;
			defaultConfigurationName = Release;
		};
		6C055F102C53D19600355210 /* Build configuration list for PBXNativeTarget "atisUITests" */ = {
			isa = XCConfigurationList;
			buildConfigurations = (
				6C055F112C53D19600355210 /* Debug */,
				6C055F122C53D19600355210 /* Release */,
			);
			defaultConfigurationIsVisible = 0;
			defaultConfigurationName = Release;
		};
/* End XCConfigurationList section */

/* Begin XCRemoteSwiftPackageReference section */
		6CD807FC2C571D1A00C49F9C /* XCRemoteSwiftPackageReference "ID3TagEditor" */ = {
			isa = XCRemoteSwiftPackageReference;
			repositoryURL = "https://github.com/chicio/ID3TagEditor.git";
			requirement = {
				kind = upToNextMajorVersion;
				minimumVersion = 4.6.0;
			};
		};
/* End XCRemoteSwiftPackageReference section */

/* Begin XCSwiftPackageProductDependency section */
		6CD807FD2C5732E700C49F9C /* ID3TagEditor */ = {
			isa = XCSwiftPackageProductDependency;
			package = 6CD807FC2C571D1A00C49F9C /* XCRemoteSwiftPackageReference "ID3TagEditor" */;
			productName = ID3TagEditor;
		};
/* End XCSwiftPackageProductDependency section */
	};
	rootObject = 6C055EDD2C53D19400355210 /* Project object */;
}
